<Solution>
  <Project Path="backend/src/TeleHealth.Api/TeleHealth.Api.csproj" />
  <Project Path="infra/TeleHealth.Infra.csproj" />
  <Project Path="functions/appointment-reminder/src/AppointmentReminder-dev-SentReminder/AppointmentReminder-dev-SentReminder.csproj" />
  <Project Path="functions/lab-pdf-processor/src/LabPdfProcessor-dev-ProcessPdfDocument/LabPdfProcessor-dev-ProcessPdfDocument.csproj" />
</Solution>
