Microsoft Visual Studio Solution File, Format Version 12.00
# Visual Studio Version 17
VisualStudioVersion = 17.5.2.0
MinimumVisualStudioVersion = 10.0.40219.1
Project("{2150E333-8FDC-42A3-9474-1A3956D46DE8}") = "infra", "infra", "{30258541-D0D8-F3FD-D559-E63D6BF074C2}"
EndProject
Project("{2150E333-8FDC-42A3-9474-1A3956D46DE8}") = "backend", "backend", "{1AE8ACA6-933B-BF2A-3671-3E2EAC007D16}"
EndProject
Project("{2150E333-8FDC-42A3-9474-1A3956D46DE8}") = "functions", "functions", "{46899413-A1AD-7709-F42F-DC74916C2577}"
EndProject
Project("{FAE04EC0-301F-11D3-BF4B-00C04F79EFBC}") = "TeleHealth.Infra", "infra\TeleHealth.Infra.csproj", "{5DC5E67A-346E-7F17-669A-11C6D8C70AF4}"
EndProject
Project("{2150E333-8FDC-42A3-9474-1A3956D46DE8}") = "src", "src", "{0F9113EE-888A-26D2-68B0-4A7D0A2A8745}"
EndProject
Project("{FAE04EC0-301F-11D3-BF4B-00C04F79EFBC}") = "TeleHealth.Api", "backend\src\TeleHealth.Api\TeleHealth.Api.csproj", "{424A6523-24C8-0B49-6969-5AD7280F2212}"
EndProject
Project("{FAE04EC0-301F-11D3-BF4B-00C04F79EFBC}") = "TeleHealth.Contracts", "backend\src\TeleHealth.Contracts\TeleHealth.Contracts.csproj", "{9DC90428-32E6-5FB9-7590-A68CEDC23F2D}"
EndProject
Project("{2150E333-8FDC-42A3-9474-1A3956D46DE8}") = "tests", "tests", "{F57642F3-C37C-D174-720E-6A6AAD5BEE22}"
EndProject
Project("{FAE04EC0-301F-11D3-BF4B-00C04F79EFBC}") = "TeleHealth.E2ETests", "backend\tests\TeleHealth.E2ETests\TeleHealth.E2ETests.csproj", "{579502EA-0F77-DA31-A030-803FEB0D3008}"
EndProject
Project("{FAE04EC0-301F-11D3-BF4B-00C04F79EFBC}") = "TeleHealth.IntegrationTests", "backend\tests\TeleHealth.IntegrationTests\TeleHealth.IntegrationTests.csproj", "{CE5CF6E4-6EC6-BE10-821B-D87B8DBDD76F}"
EndProject
Project("{FAE04EC0-301F-11D3-BF4B-00C04F79EFBC}") = "TeleHealth.UnitTests", "backend\tests\TeleHealth.UnitTests\TeleHealth.UnitTests.csproj", "{C4C0BDAB-284F-2D96-96BE-97C1EAE7683E}"
EndProject
Project("{2150E333-8FDC-42A3-9474-1A3956D46DE8}") = "appointment-reminder", "appointment-reminder", "{14969F0A-2B15-9E82-0F84-A5FD95DF7186}"
EndProject
Project("{2150E333-8FDC-42A3-9474-1A3956D46DE8}") = "src", "src", "{1FFF31FB-2245-4B1C-30AB-378A7502E2C9}"
EndProject
Project("{FAE04EC0-301F-11D3-BF4B-00C04F79EFBC}") = "AppointmentReminder-dev-SentReminder", "functions\appointment-reminder\src\AppointmentReminder-dev-SentReminder\AppointmentReminder-dev-SentReminder.csproj", "{24E54084-4056-8DCB-1507-40B4B308059F}"
EndProject
Project("{2150E333-8FDC-42A3-9474-1A3956D46DE8}") = "lab-pdf-processor", "lab-pdf-processor", "{919172B7-D318-919F-8E4E-532FCF1F9A1B}"
EndProject
Project("{2150E333-8FDC-42A3-9474-1A3956D46DE8}") = "src", "src", "{6F716BC5-F4D9-3492-EE5B-531601A8D113}"
EndProject
Project("{FAE04EC0-301F-11D3-BF4B-00C04F79EFBC}") = "LabPdfProcessor-dev-ProcessPdfDocument", "functions\lab-pdf-processor\src\LabPdfProcessor-dev-ProcessPdfDocument\LabPdfProcessor-dev-ProcessPdfDocument.csproj", "{7BABA1E5-2636-B1DB-C54A-CC9181E8435D}"
EndProject
Global
	GlobalSection(SolutionConfigurationPlatforms) = preSolution
		Debug|Any CPU = Debug|Any CPU
		Release|Any CPU = Release|Any CPU
	EndGlobalSection
	GlobalSection(ProjectConfigurationPlatforms) = postSolution
		{5DC5E67A-346E-7F17-669A-11C6D8C70AF4}.Debug|Any CPU.ActiveCfg = Debug|Any CPU
		{5DC5E67A-346E-7F17-669A-11C6D8C70AF4}.Debug|Any CPU.Build.0 = Debug|Any CPU
		{5DC5E67A-346E-7F17-669A-11C6D8C70AF4}.Release|Any CPU.ActiveCfg = Release|Any CPU
		{5DC5E67A-346E-7F17-669A-11C6D8C70AF4}.Release|Any CPU.Build.0 = Release|Any CPU
		{424A6523-24C8-0B49-6969-5AD7280F2212}.Debug|Any CPU.ActiveCfg = Debug|Any CPU
		{424A6523-24C8-0B49-6969-5AD7280F2212}.Debug|Any CPU.Build.0 = Debug|Any CPU
		{424A6523-24C8-0B49-6969-5AD7280F2212}.Release|Any CPU.ActiveCfg = Release|Any CPU
		{424A6523-24C8-0B49-6969-5AD7280F2212}.Release|Any CPU.Build.0 = Release|Any CPU
		{9DC90428-32E6-5FB9-7590-A68CEDC23F2D}.Debug|Any CPU.ActiveCfg = Debug|Any CPU
		{9DC90428-32E6-5FB9-7590-A68CEDC23F2D}.Debug|Any CPU.Build.0 = Debug|Any CPU
		{9DC90428-32E6-5FB9-7590-A68CEDC23F2D}.Release|Any CPU.ActiveCfg = Release|Any CPU
		{9DC90428-32E6-5FB9-7590-A68CEDC23F2D}.Release|Any CPU.Build.0 = Release|Any CPU
		{579502EA-0F77-DA31-A030-803FEB0D3008}.Debug|Any CPU.ActiveCfg = Debug|Any CPU
		{579502EA-0F77-DA31-A030-803FEB0D3008}.Debug|Any CPU.Build.0 = Debug|Any CPU
		{579502EA-0F77-DA31-A030-803FEB0D3008}.Release|Any CPU.ActiveCfg = Release|Any CPU
		{579502EA-0F77-DA31-A030-803FEB0D3008}.Release|Any CPU.Build.0 = Release|Any CPU
		{CE5CF6E4-6EC6-BE10-821B-D87B8DBDD76F}.Debug|Any CPU.ActiveCfg = Debug|Any CPU
		{CE5CF6E4-6EC6-BE10-821B-D87B8DBDD76F}.Debug|Any CPU.Build.0 = Debug|Any CPU
		{CE5CF6E4-6EC6-BE10-821B-D87B8DBDD76F}.Release|Any CPU.ActiveCfg = Release|Any CPU
		{CE5CF6E4-6EC6-BE10-821B-D87B8DBDD76F}.Release|Any CPU.Build.0 = Release|Any CPU
		{C4C0BDAB-284F-2D96-96BE-97C1EAE7683E}.Debug|Any CPU.ActiveCfg = Debug|Any CPU
		{C4C0BDAB-284F-2D96-96BE-97C1EAE7683E}.Debug|Any CPU.Build.0 = Debug|Any CPU
		{C4C0BDAB-284F-2D96-96BE-97C1EAE7683E}.Release|Any CPU.ActiveCfg = Release|Any CPU
		{C4C0BDAB-284F-2D96-96BE-97C1EAE7683E}.Release|Any CPU.Build.0 = Release|Any CPU
		{24E54084-4056-8DCB-1507-40B4B308059F}.Debug|Any CPU.ActiveCfg = Debug|Any CPU
		{24E54084-4056-8DCB-1507-40B4B308059F}.Debug|Any CPU.Build.0 = Debug|Any CPU
		{24E54084-4056-8DCB-1507-40B4B308059F}.Release|Any CPU.ActiveCfg = Release|Any CPU
		{24E54084-4056-8DCB-1507-40B4B308059F}.Release|Any CPU.Build.0 = Release|Any CPU
		{7BABA1E5-2636-B1DB-C54A-CC9181E8435D}.Debug|Any CPU.ActiveCfg = Debug|Any CPU
		{7BABA1E5-2636-B1DB-C54A-CC9181E8435D}.Debug|Any CPU.Build.0 = Debug|Any CPU
		{7BABA1E5-2636-B1DB-C54A-CC9181E8435D}.Release|Any CPU.ActiveCfg = Release|Any CPU
		{7BABA1E5-2636-B1DB-C54A-CC9181E8435D}.Release|Any CPU.Build.0 = Release|Any CPU
	EndGlobalSection
	GlobalSection(SolutionProperties) = preSolution
		HideSolutionNode = FALSE
	EndGlobalSection
	GlobalSection(NestedProjects) = preSolution
		{5DC5E67A-346E-7F17-669A-11C6D8C70AF4} = {30258541-D0D8-F3FD-D559-E63D6BF074C2}
		{0F9113EE-888A-26D2-68B0-4A7D0A2A8745} = {1AE8ACA6-933B-BF2A-3671-3E2EAC007D16}
		{424A6523-24C8-0B49-6969-5AD7280F2212} = {0F9113EE-888A-26D2-68B0-4A7D0A2A8745}
		{9DC90428-32E6-5FB9-7590-A68CEDC23F2D} = {0F9113EE-888A-26D2-68B0-4A7D0A2A8745}
		{F57642F3-C37C-D174-720E-6A6AAD5BEE22} = {1AE8ACA6-933B-BF2A-3671-3E2EAC007D16}
		{579502EA-0F77-DA31-A030-803FEB0D3008} = {F57642F3-C37C-D174-720E-6A6AAD5BEE22}
		{CE5CF6E4-6EC6-BE10-821B-D87B8DBDD76F} = {F57642F3-C37C-D174-720E-6A6AAD5BEE22}
		{C4C0BDAB-284F-2D96-96BE-97C1EAE7683E} = {F57642F3-C37C-D174-720E-6A6AAD5BEE22}
		{14969F0A-2B15-9E82-0F84-A5FD95DF7186} = {46899413-A1AD-7709-F42F-DC74916C2577}
		{1FFF31FB-2245-4B1C-30AB-378A7502E2C9} = {14969F0A-2B15-9E82-0F84-A5FD95DF7186}
		{24E54084-4056-8DCB-1507-40B4B308059F} = {1FFF31FB-2245-4B1C-30AB-378A7502E2C9}
		{919172B7-D318-919F-8E4E-532FCF1F9A1B} = {46899413-A1AD-7709-F42F-DC74916C2577}
		{6F716BC5-F4D9-3492-EE5B-531601A8D113} = {919172B7-D318-919F-8E4E-532FCF1F9A1B}
		{7BABA1E5-2636-B1DB-C54A-CC9181E8435D} = {6F716BC5-F4D9-3492-EE5B-531601A8D113}
	EndGlobalSection
	GlobalSection(ExtensibilityGlobals) = postSolution
		SolutionGuid = {2910857B-14B4-4D0E-93E2-FFD5176EAC34}
	EndGlobalSection
EndGlobal
