Microsoft Visual Studio Solution File, Format Version 12.00
# Visual Studio Version 17
VisualStudioVersion = 17.5.2.0
MinimumVisualStudioVersion = 10.0.40219.1
Project("{2150E333-8FDC-42A3-9474-1A3956D46DE8}") = "src", "src", "{827E0CD3-B72D-47B6-A68D-7590B98EB39B}"
EndProject
Project("{2150E333-8FDC-42A3-9474-1A3956D46DE8}") = "tests", "tests", "{0AB3BF05-4346-4AA6-1389-037BE0695223}"
EndProject
Project("{FAE04EC0-301F-11D3-BF4B-00C04F79EFBC}") = "TeleHealth.Api", "src\TeleHealth.Api\TeleHealth.Api.csproj", "{ABB82614-4712-741F-7E47-B323A5C3313C}"
EndProject
Project("{FAE04EC0-301F-11D3-BF4B-00C04F79EFBC}") = "TeleHealth.Contracts", "src\TeleHealth.Contracts\TeleHealth.Contracts.csproj", "{28E9E08B-8E81-E5EA-9F7B-2046884F8221}"
EndProject
Project("{FAE04EC0-301F-11D3-BF4B-00C04F79EFBC}") = "TeleHealth.E2ETests", "tests\TeleHealth.E2ETests\TeleHealth.E2ETests.csproj", "{3FEDFD38-7DF5-C8B4-DC1F-9C821AB4BD7D}"
EndProject
Project("{FAE04EC0-301F-11D3-BF4B-00C04F79EFBC}") = "TeleHealth.IntegrationTests", "tests\TeleHealth.IntegrationTests\TeleHealth.IntegrationTests.csproj", "{E1935F79-C95E-763D-8315-175A347E01E3}"
EndProject
Project("{FAE04EC0-301F-11D3-BF4B-00C04F79EFBC}") = "TeleHealth.UnitTests", "tests\TeleHealth.UnitTests\TeleHealth.UnitTests.csproj", "{D8AE2338-F017-C726-92B3-7B3A3250CCC0}"
EndProject
Global
	GlobalSection(SolutionConfigurationPlatforms) = preSolution
		Debug|Any CPU = Debug|Any CPU
		Release|Any CPU = Release|Any CPU
	EndGlobalSection
	GlobalSection(ProjectConfigurationPlatforms) = postSolution
		{ABB82614-4712-741F-7E47-B323A5C3313C}.Debug|Any CPU.ActiveCfg = Debug|Any CPU
		{ABB82614-4712-741F-7E47-B323A5C3313C}.Debug|Any CPU.Build.0 = Debug|Any CPU
		{ABB82614-4712-741F-7E47-B323A5C3313C}.Release|Any CPU.ActiveCfg = Release|Any CPU
		{ABB82614-4712-741F-7E47-B323A5C3313C}.Release|Any CPU.Build.0 = Release|Any CPU
		{28E9E08B-8E81-E5EA-9F7B-2046884F8221}.Debug|Any CPU.ActiveCfg = Debug|Any CPU
		{28E9E08B-8E81-E5EA-9F7B-2046884F8221}.Debug|Any CPU.Build.0 = Debug|Any CPU
		{28E9E08B-8E81-E5EA-9F7B-2046884F8221}.Release|Any CPU.ActiveCfg = Release|Any CPU
		{28E9E08B-8E81-E5EA-9F7B-2046884F8221}.Release|Any CPU.Build.0 = Release|Any CPU
		{3FEDFD38-7DF5-C8B4-DC1F-9C821AB4BD7D}.Debug|Any CPU.ActiveCfg = Debug|Any CPU
		{3FEDFD38-7DF5-C8B4-DC1F-9C821AB4BD7D}.Debug|Any CPU.Build.0 = Debug|Any CPU
		{3FEDFD38-7DF5-C8B4-DC1F-9C821AB4BD7D}.Release|Any CPU.ActiveCfg = Release|Any CPU
		{3FEDFD38-7DF5-C8B4-DC1F-9C821AB4BD7D}.Release|Any CPU.Build.0 = Release|Any CPU
		{E1935F79-C95E-763D-8315-175A347E01E3}.Debug|Any CPU.ActiveCfg = Debug|Any CPU
		{E1935F79-C95E-763D-8315-175A347E01E3}.Debug|Any CPU.Build.0 = Debug|Any CPU
		{E1935F79-C95E-763D-8315-175A347E01E3}.Release|Any CPU.ActiveCfg = Release|Any CPU
		{E1935F79-C95E-763D-8315-175A347E01E3}.Release|Any CPU.Build.0 = Release|Any CPU
		{D8AE2338-F017-C726-92B3-7B3A3250CCC0}.Debug|Any CPU.ActiveCfg = Debug|Any CPU
		{D8AE2338-F017-C726-92B3-7B3A3250CCC0}.Debug|Any CPU.Build.0 = Debug|Any CPU
		{D8AE2338-F017-C726-92B3-7B3A3250CCC0}.Release|Any CPU.ActiveCfg = Release|Any CPU
		{D8AE2338-F017-C726-92B3-7B3A3250CCC0}.Release|Any CPU.Build.0 = Release|Any CPU
	EndGlobalSection
	GlobalSection(SolutionProperties) = preSolution
		HideSolutionNode = FALSE
	EndGlobalSection
	GlobalSection(NestedProjects) = preSolution
		{ABB82614-4712-741F-7E47-B323A5C3313C} = {827E0CD3-B72D-47B6-A68D-7590B98EB39B}
		{28E9E08B-8E81-E5EA-9F7B-2046884F8221} = {827E0CD3-B72D-47B6-A68D-7590B98EB39B}
		{3FEDFD38-7DF5-C8B4-DC1F-9C821AB4BD7D} = {0AB3BF05-4346-4AA6-1389-037BE0695223}
		{E1935F79-C95E-763D-8315-175A347E01E3} = {0AB3BF05-4346-4AA6-1389-037BE0695223}
		{D8AE2338-F017-C726-92B3-7B3A3250CCC0} = {0AB3BF05-4346-4AA6-1389-037BE0695223}
	EndGlobalSection
	GlobalSection(ExtensibilityGlobals) = postSolution
		SolutionGuid = {43DA8EA2-D5D9-4F95-82F5-8BA81DFC96CF}
	EndGlobalSection
EndGlobal
